// !$*UTF8*$!
{
	archiveVersion = 1;
	classes = {
	};
	objectVersion = 46;
	objects = {

/* Begin PBXBuildFile section */
		F656A4CE16B82C1900E56A93 /* GofPatterns.1 in CopyFiles */ = {isa = PBXBuildFile; fileRef = F656A4CD16B82C1900E56A93 /* GofPatterns.1 */; };
		F656A4D516B82CA800E56A93 /* patterns.cpp in Sources */ = {isa = PBXBuildFile; fileRef = F656A4D416B82CA800E56A93 /* patterns.cpp */; };
/* End PBXBuildFile section */

/* Begin PBXCopyFilesBuildPhase section */
		F656A4C516B82C1800E56A93 /* CopyFiles */ = {
			isa = PBXCopyFilesBuildPhase;
			buildActionMask = 2147483647;
			dstPath = /usr/share/man/man1/;
			dstSubfolderSpec = 0;
			files = (
				F656A4CE16B82C1900E56A93 /* GofPatterns.1 in CopyFiles */,
			);
			runOnlyForDeploymentPostprocessing = 1;
		};
/* End PBXCopyFilesBuildPhase section */

/* Begin PBXFileReference section */
		F656A4C716B82C1900E56A93 /* GofPatterns */ = {isa = PBXFileReference; explicitFileType = "compiled.mach-o.executable"; includeInIndex = 0; path = GofPatterns; sourceTree = BUILT_PRODUCTS_DIR; };
		F656A4CD16B82C1900E56A93 /* GofPatterns.1 */ = {isa = PBXFileReference; lastKnownFileType = text.man; path = GofPatterns.1; sourceTree = "<group>"; };
		F656A4D416B82CA800E56A93 /* patterns.cpp */ = {isa = PBXFileReference; fileEncoding = 4; lastKnownFileType = sourcecode.cpp.cpp; lineEnding = 2; name = patterns.cpp; path = ../../patterns.cpp; sourceTree = "<group>"; usesTabs = 0; };
/* End PBXFileReference section */

/* Begin PBXFrameworksBuildPhase section */
		F656A4C416B82C1800E56A93 /* Frameworks */ = {
			isa = PBXFrameworksBuildPhase;
			buildActionMask = 2147483647;
			files = (
			);
			runOnlyForDeploymentPostprocessing = 0;
		};
/* End PBXFrameworksBuildPhase section */

/* Begin PBXGroup section */
		F656A4BC16B82C1800E56A93 = {
			isa = PBXGroup;
			children = (
				F656A4CA16B82C1900E56A93 /* GofPatterns */,
				F656A4C816B82C1900E56A93 /* Products */,
			);
			sourceTree = "<group>";
		};
		F656A4C816B82C1900E56A93 /* Products */ = {
			isa = PBXGroup;
			children = (
				F656A4C716B82C1900E56A93 /* GofPatterns */,
			);
			name = Products;
			sourceTree = "<group>";
		};
		F656A4CA16B82C1900E56A93 /* GofPatterns */ = {
			isa = PBXGroup;
			children = (
				F656A4D416B82CA800E56A93 /* patterns.cpp */,
				F656A4CD16B82C1900E56A93 /* GofPatterns.1 */,
			);
			path = GofPatterns;
			sourceTree = "<group>";
		};
/* End PBXGroup section */

/* Begin PBXNativeTarget section */
		F656A4C616B82C1800E56A93 /* GofPatterns */ = {
			isa = PBXNativeTarget;
			buildConfigurationList = F656A4D116B82C1900E56A93 /* Build configuration list for PBXNativeTarget "GofPatterns" */;
			buildPhases = (
				F656A4C316B82C1800E56A93 /* Sources */,
				F656A4C416B82C1800E56A93 /* Frameworks */,
				F656A4C516B82C1800E56A93 /* CopyFiles */,
			);
			buildRules = (
			);
			dependencies = (
			);
			name = GofPatterns;
			productName = GofPatterns;
			productReference = F656A4C716B82C1900E56A93 /* GofPatterns */;
			productType = "com.apple.product-type.tool";
		};
/* End PBXNativeTarget section */

/* Begin PBXProject section */
		F656A4BE16B82C1800E56A93 /* Project object */ = {
			isa = PBXProject;
			attributes = {
				LastUpgradeCheck = 0450;
			};
			buildConfigurationList = F656A4C116B82C1800E56A93 /* Build configuration list for PBXProject "GofPatterns" */;
			compatibilityVersion = "Xcode 3.2";
			developmentRegion = English;
			hasScannedForEncodings = 0;
			knownRegions = (
				en,
			);
			mainGroup = F656A4BC16B82C1800E56A93;
			productRefGroup = F656A4C816B82C1900E56A93 /* Products */;
			projectDirPath = "";
			projectRoot = "";
			targets = (
				F656A4C616B82C1800E56A93 /* GofPatterns */,
			);
		};
/* End PBXProject section */

/* Begin PBXSourcesBuildPhase section */
		F656A4C316B82C1800E56A93 /* Sources */ = {
			isa = PBXSourcesBuildPhase;
			buildActionMask = 2147483647;
			files = (
				F656A4D516B82CA800E56A93 /* patterns.cpp in Sources */,
			);
			runOnlyForDeploymentPostprocessing = 0;
		};
/* End PBXSourcesBuildPhase section */

/* Begin XCBuildConfiguration section */
		F656A4CF16B82C1900E56A93 /* Debug */ = {
			isa = XCBuildConfiguration;
			buildSettings = {
				ALWAYS_SEARCH_USER_PATHS = NO;
				ARCHS = "$(ARCHS_STANDARD_64_BIT)";
				CLANG_CXX_LANGUAGE_STANDARD = "gnu++0x";
				CLANG_CXX_LIBRARY = "libc++";
				CLANG_WARN_EMPTY_BODY = YES;
				CLANG_WARN__DUPLICATE_METHOD_MATCH = YES;
				COPY_PHASE_STRIP = NO;
				GCC_C_LANGUAGE_STANDARD = gnu99;
				GCC_DYNAMIC_NO_PIC = NO;
				GCC_ENABLE_OBJC_EXCEPTIONS = YES;
				GCC_OPTIMIZATION_LEVEL = 0;
				GCC_PREPROCESSOR_DEFINITIONS = (
					"DEBUG=1",
					"$(inherited)",
				);
				GCC_SYMBOLS_PRIVATE_EXTERN = NO;
				GCC_WARN_64_TO_32_BIT_CONVERSION = YES;
				GCC_WARN_ABOUT_RETURN_TYPE = YES;
				GCC_WARN_UNINITIALIZED_AUTOS = YES;
				GCC_WARN_UNUSED_VARIABLE = YES;
				MACOSX_DEPLOYMENT_TARGET = 10.7;
				ONLY_ACTIVE_ARCH = YES;
				SDKROOT = macosx;
			};
			name = Debug;
		};
		F656A4D016B82C1900E56A93 /* Release */ = {
			isa = XCBuildConfiguration;
			buildSettings = {
				ALWAYS_SEARCH_USER_PATHS = NO;
				ARCHS = "$(ARCHS_STANDARD_64_BIT)";
				CLANG_CXX_LANGUAGE_STANDARD = "gnu++0x";
				CLANG_CXX_LIBRARY = "libc++";
				CLANG_WARN_EMPTY_BODY = YES;
				CLANG_WARN__DUPLICATE_METHOD_MATCH = YES;
				COPY_PHASE_STRIP = YES;
				DEBUG_INFORMATION_FORMAT = "dwarf-with-dsym";
				GCC_C_LANGUAGE_STANDARD = gnu99;
				GCC_ENABLE_OBJC_EXCEPTIONS = YES;
				GCC_WARN_64_TO_32_BIT_CONVERSION = YES;
				GCC_WARN_ABOUT_RETURN_TYPE = YES;
				GCC_WARN_UNINITIALIZED_AUTOS = YES;
				GCC_WARN_UNUSED_VARIABLE = YES;
				MACOSX_DEPLOYMENT_TARGET = 10.7;
				SDKROOT = macosx;
			};
			name = Release;
		};
		F656A4D216B82C1900E56A93 /* Debug */ = {
			isa = XCBuildConfiguration;
			buildSettings = {
				CLANG_CXX_LANGUAGE_STANDARD = "gnu++0x";
				GCC_WARN_INHIBIT_ALL_WARNINGS = YES;
				PRODUCT_NAME = "$(TARGET_NAME)";
			};
			name = Debug;
		};
		F656A4D316B82C1900E56A93 /* Release */ = {
			isa = XCBuildConfiguration;
			buildSettings = {
				CLANG_CXX_LANGUAGE_STANDARD = "gnu++0x";
				GCC_WARN_INHIBIT_ALL_WARNINGS = YES;
				PRODUCT_NAME = "$(TARGET_NAME)";
			};
			name = Release;
		};
/* End XCBuildConfiguration section */

/* Begin XCConfigurationList section */
		F656A4C116B82C1800E56A93 /* Build configuration list for PBXProject "GofPatterns" */ = {
			isa = XCConfigurationList;
			buildConfigurations = (
				F656A4CF16B82C1900E56A93 /* Debug */,
				F656A4D016B82C1900E56A93 /* Release */,
			);
			defaultConfigurationIsVisible = 0;
			defaultConfigurationName = Release;
		};
		F656A4D116B82C1900E56A93 /* Build configuration list for PBXNativeTarget "GofPatterns" */ = {
			isa = XCConfigurationList;
			buildConfigurations = (
				F656A4D216B82C1900E56A93 /* Debug */,
				F656A4D316B82C1900E56A93 /* Release */,
			);
			defaultConfigurationIsVisible = 0;
		};
/* End XCConfigurationList section */
	};
	rootObject = F656A4BE16B82C1800E56A93 /* Project object */;
}
